// !$*UTF8*$!
{
	archiveVersion = 1;
	classes = {
	};
	objectVersion = 46;
	objects = {

/* Begin PBXBuildFile section */
		9ADE37291A37A80E001E1B87 /* AppDelegate.swift in Sources */ = {isa = PBXBuildFile; fileRef = 9ADE37281A37A80E001E1B87 /* AppDelegate.swift */; };
		9ADE372B1A37A80E001E1B87 /* Images.xcassets in Resources */ = {isa = PBXBuildFile; fileRef = 9ADE372A1A37A80E001E1B87 /* Images.xcassets */; };
		9ADE372E1A37A80E001E1B87 /* MainMenu.xib in Resources */ = {isa = PBXBuildFile; fileRef = 9ADE372C1A37A80E001E1B87 /* MainMenu.xib */; };
		9ADE373A1A37A80E001E1B87 /* PowDiscoveryTests.swift in Sources */ = {isa = PBXBuildFile; fileRef = 9ADE37391A37A80E001E1B87 /* PowDiscoveryTests.swift */; };
/* End PBXBuildFile section */

/* Begin PBXContainerItemProxy section */
		9ADE37341A37A80E001E1B87 /* PBXContainerItemProxy */ = {
			isa = PBXContainerItemProxy;
			containerPortal = 9ADE371B1A37A80D001E1B87 /* Project object */;
			proxyType = 1;
			remoteGlobalIDString = 9ADE37221A37A80E001E1B87;
			remoteInfo = PowDiscovery;
		};
/* End PBXContainerItemProxy section */

/* Begin PBXFileReference section */
		9ADE37231A37A80E001E1B87 /* PowDiscovery.app */ = {isa = PBXFileReference; explicitFileType = wrapper.application; includeInIndex = 0; path = PowDiscovery.app; sourceTree = BUILT_PRODUCTS_DIR; };
		9ADE37271A37A80E001E1B87 /* Info.plist */ = {isa = PBXFileReference; lastKnownFileType = text.plist.xml; path = Info.plist; sourceTree = "<group>"; };
		9ADE37281A37A80E001E1B87 /* AppDelegate.swift */ = {isa = PBXFileReference; lastKnownFileType = sourcecode.swift; path = AppDelegate.swift; sourceTree = "<group>"; };
		9ADE372A1A37A80E001E1B87 /* Images.xcassets */ = {isa = PBXFileReference; lastKnownFileType = folder.assetcatalog; path = Images.xcassets; sourceTree = "<group>"; };
		9ADE372D1A37A80E001E1B87 /* Base */ = {isa = PBXFileReference; lastKnownFileType = file.xib; name = Base; path = Base.lproj/MainMenu.xib; sourceTree = "<group>"; };
		9ADE37331A37A80E001E1B87 /* PowDiscoveryTests.xctest */ = {isa = PBXFileReference; explicitFileType = wrapper.cfbundle; includeInIndex = 0; path = PowDiscoveryTests.xctest; sourceTree = BUILT_PRODUCTS_DIR; };
		9ADE37381A37A80E001E1B87 /* Info.plist */ = {isa = PBXFileReference; lastKnownFileType = text.plist.xml; path = Info.plist; sourceTree = "<group>"; };
		9ADE37391A37A80E001E1B87 /* PowDiscoveryTests.swift */ = {isa = PBXFileReference; lastKnownFileType = sourcecode.swift; path = PowDiscoveryTests.swift; sourceTree = "<group>"; };
/* End PBXFileReference section */

/* Begin PBXFrameworksBuildPhase section */
		9ADE37201A37A80E001E1B87 /* Frameworks */ = {
			isa = PBXFrameworksBuildPhase;
			buildActionMask = 2147483647;
			files = (
			);
			runOnlyForDeploymentPostprocessing = 0;
		};
		9ADE37301A37A80E001E1B87 /* Frameworks */ = {
			isa = PBXFrameworksBuildPhase;
			buildActionMask = 2147483647;
			files = (
			);
			runOnlyForDeploymentPostprocessing = 0;
		};
/* End PBXFrameworksBuildPhase section */

/* Begin PBXGroup section */
		9ADE371A1A37A80D001E1B87 = {
			isa = PBXGroup;
			children = (
				9ADE37251A37A80E001E1B87 /* PowDiscovery */,
				9ADE37361A37A80E001E1B87 /* PowDiscoveryTests */,
				9ADE37241A37A80E001E1B87 /* Products */,
			);
			sourceTree = "<group>";
		};
		9ADE37241A37A80E001E1B87 /* Products */ = {
			isa = PBXGroup;
			children = (
				9ADE37231A37A80E001E1B87 /* PowDiscovery.app */,
				9ADE37331A37A80E001E1B87 /* PowDiscoveryTests.xctest */,
			);
			name = Products;
			sourceTree = "<group>";
		};
		9ADE37251A37A80E001E1B87 /* PowDiscovery */ = {
			isa = PBXGroup;
			children = (
				9ADE37281A37A80E001E1B87 /* AppDelegate.swift */,
				9ADE372A1A37A80E001E1B87 /* Images.xcassets */,
				9ADE372C1A37A80E001E1B87 /* MainMenu.xib */,
				9ADE37261A37A80E001E1B87 /* Supporting Files */,
			);
			path = PowDiscovery;
			sourceTree = "<group>";
		};
		9ADE37261A37A80E001E1B87 /* Supporting Files */ = {
			isa = PBXGroup;
			children = (
				9ADE37271A37A80E001E1B87 /* Info.plist */,
			);
			name = "Supporting Files";
			sourceTree = "<group>";
		};
		9ADE37361A37A80E001E1B87 /* PowDiscoveryTests */ = {
			isa = PBXGroup;
			children = (
				9ADE37391A37A80E001E1B87 /* PowDiscoveryTests.swift */,
				9ADE37371A37A80E001E1B87 /* Supporting Files */,
			);
			path = PowDiscoveryTests;
			sourceTree = "<group>";
		};
		9ADE37371A37A80E001E1B87 /* Supporting Files */ = {
			isa = PBXGroup;
			children = (
				9ADE37381A37A80E001E1B87 /* Info.plist */,
			);
			name = "Supporting Files";
			sourceTree = "<group>";
		};
/* End PBXGroup section */

/* Begin PBXNativeTarget section */
		9ADE37221A37A80E001E1B87 /* PowDiscovery */ = {
			isa = PBXNativeTarget;
			buildConfigurationList = 9ADE373D1A37A80E001E1B87 /* Build configuration list for PBXNativeTarget "PowDiscovery" */;
			buildPhases = (
				9ADE371F1A37A80E001E1B87 /* Sources */,
				9ADE37201A37A80E001E1B87 /* Frameworks */,
				9ADE37211A37A80E001E1B87 /* Resources */,
			);
			buildRules = (
			);
			dependencies = (
			);
			name = PowDiscovery;
			productName = PowDiscovery;
			productReference = 9ADE37231A37A80E001E1B87 /* PowDiscovery.app */;
			productType = "com.apple.product-type.application";
		};
		9ADE37321A37A80E001E1B87 /* PowDiscoveryTests */ = {
			isa = PBXNativeTarget;
			buildConfigurationList = 9ADE37401A37A80E001E1B87 /* Build configuration list for PBXNativeTarget "PowDiscoveryTests" */;
			buildPhases = (
				9ADE372F1A37A80E001E1B87 /* Sources */,
				9ADE37301A37A80E001E1B87 /* Frameworks */,
				9ADE37311A37A80E001E1B87 /* Resources */,
			);
			buildRules = (
			);
			dependencies = (
				9ADE37351A37A80E001E1B87 /* PBXTargetDependency */,
			);
			name = PowDiscoveryTests;
			productName = PowDiscoveryTests;
			productReference = 9ADE37331A37A80E001E1B87 /* PowDiscoveryTests.xctest */;
			productType = "com.apple.product-type.bundle.unit-test";
		};
/* End PBXNativeTarget section */

/* Begin PBXProject section */
		9ADE371B1A37A80D001E1B87 /* Project object */ = {
			isa = PBXProject;
			attributes = {
				LastUpgradeCheck = 0610;
				ORGANIZATIONNAME = attilagyorffy;
				TargetAttributes = {
					9ADE37221A37A80E001E1B87 = {
						CreatedOnToolsVersion = 6.1.1;
					};
					9ADE37321A37A80E001E1B87 = {
						CreatedOnToolsVersion = 6.1.1;
						TestTargetID = 9ADE37221A37A80E001E1B87;
					};
				};
			};
			buildConfigurationList = 9ADE371E1A37A80D001E1B87 /* Build configuration list for PBXProject "PowDiscovery" */;
			compatibilityVersion = "Xcode 3.2";
			developmentRegion = English;
			hasScannedForEncodings = 0;
			knownRegions = (
				en,
				Base,
			);
			mainGroup = 9ADE371A1A37A80D001E1B87;
			productRefGroup = 9ADE37241A37A80E001E1B87 /* Products */;
			projectDirPath = "";
			projectRoot = "";
			targets = (
				9ADE37221A37A80E001E1B87 /* PowDiscovery */,
				9ADE37321A37A80E001E1B87 /* PowDiscoveryTests */,
			);
		};
/* End PBXProject section */

/* Begin PBXResourcesBuildPhase section */
		9ADE37211A37A80E001E1B87 /* Resources */ = {
			isa = PBXResourcesBuildPhase;
			buildActionMask = 2147483647;
			files = (
				9ADE372B1A37A80E001E1B87 /* Images.xcassets in Resources */,
				9ADE372E1A37A80E001E1B87 /* MainMenu.xib in Resources */,
			);
			runOnlyForDeploymentPostprocessing = 0;
		};
		9ADE37311A37A80E001E1B87 /* Resources */ = {
			isa = PBXResourcesBuildPhase;
			buildActionMask = 2147483647;
			files = (
			);
			runOnlyForDeploymentPostprocessing = 0;
		};
/* End PBXResourcesBuildPhase section */

/* Begin PBXSourcesBuildPhase section */
		9ADE371F1A37A80E001E1B87 /* Sources */ = {
			isa = PBXSourcesBuildPhase;
			buildActionMask = 2147483647;
			files = (
				9ADE37291A37A80E001E1B87 /* AppDelegate.swift in Sources */,
			);
			runOnlyForDeploymentPostprocessing = 0;
		};
		9ADE372F1A37A80E001E1B87 /* Sources */ = {
			isa = PBXSourcesBuildPhase;
			buildActionMask = 2147483647;
			files = (
				9ADE373A1A37A80E001E1B87 /* PowDiscoveryTests.swift in Sources */,
			);
			runOnlyForDeploymentPostprocessing = 0;
		};
/* End PBXSourcesBuildPhase section */

/* Begin PBXTargetDependency section */
		9ADE37351A37A80E001E1B87 /* PBXTargetDependency */ = {
			isa = PBXTargetDependency;
			target = 9ADE37221A37A80E001E1B87 /* PowDiscovery */;
			targetProxy = 9ADE37341A37A80E001E1B87 /* PBXContainerItemProxy */;
		};
/* End PBXTargetDependency section */

/* Begin PBXVariantGroup section */
		9ADE372C1A37A80E001E1B87 /* MainMenu.xib */ = {
			isa = PBXVariantGroup;
			children = (
				9ADE372D1A37A80E001E1B87 /* Base */,
			);
			name = MainMenu.xib;
			sourceTree = "<group>";
		};
/* End PBXVariantGroup section */

/* Begin XCBuildConfiguration section */
		9ADE373B1A37A80E001E1B87 /* Debug */ = {
			isa = XCBuildConfiguration;
			buildSettings = {
				ALWAYS_SEARCH_USER_PATHS = NO;
				CLANG_CXX_LANGUAGE_STANDARD = "gnu++0x";
				CLANG_CXX_LIBRARY = "libc++";
				CLANG_ENABLE_MODULES = YES;
				CLANG_ENABLE_OBJC_ARC = YES;
				CLANG_WARN_BOOL_CONVERSION = YES;
				CLANG_WARN_CONSTANT_CONVERSION = YES;
				CLANG_WARN_DIRECT_OBJC_ISA_USAGE = YES_ERROR;
				CLANG_WARN_EMPTY_BODY = YES;
				CLANG_WARN_ENUM_CONVERSION = YES;
				CLANG_WARN_INT_CONVERSION = YES;
				CLANG_WARN_OBJC_ROOT_CLASS = YES_ERROR;
				CLANG_WARN_UNREACHABLE_CODE = YES;
				CLANG_WARN__DUPLICATE_METHOD_MATCH = YES;
				CODE_SIGN_IDENTITY = "-";
				COPY_PHASE_STRIP = NO;
				ENABLE_STRICT_OBJC_MSGSEND = YES;
				GCC_C_LANGUAGE_STANDARD = gnu99;
				GCC_DYNAMIC_NO_PIC = NO;
				GCC_OPTIMIZATION_LEVEL = 0;
				GCC_PREPROCESSOR_DEFINITIONS = (
					"DEBUG=1",
					"$(inherited)",
				);
				GCC_SYMBOLS_PRIVATE_EXTERN = NO;
				GCC_WARN_64_TO_32_BIT_CONVERSION = YES;
				GCC_WARN_ABOUT_RETURN_TYPE = YES_ERROR;
				GCC_WARN_UNDECLARED_SELECTOR = YES;
				GCC_WARN_UNINITIALIZED_AUTOS = YES_AGGRESSIVE;
				GCC_WARN_UNUSED_FUNCTION = YES;
				GCC_WARN_UNUSED_VARIABLE = YES;
				MACOSX_DEPLOYMENT_TARGET = 10.10;
				MTL_ENABLE_DEBUG_INFO = YES;
				ONLY_ACTIVE_ARCH = YES;
				SDKROOT = macosx;
				SWIFT_OPTIMIZATION_LEVEL = "-Onone";
			};
			name = Debug;
		};
		9ADE373C1A37A80E001E1B87 /* Release */ = {
			isa = XCBuildConfiguration;
			buildSettings = {
				ALWAYS_SEARCH_USER_PATHS = NO;
				CLANG_CXX_LANGUAGE_STANDARD = "gnu++0x";
				CLANG_CXX_LIBRARY = "libc++";
				CLANG_ENABLE_MODULES = YES;
				CLANG_ENABLE_OBJC_ARC = YES;
				CLANG_WARN_BOOL_CONVERSION = YES;
				CLANG_WARN_CONSTANT_CONVERSION = YES;
				CLANG_WARN_DIRECT_OBJC_ISA_USAGE = YES_ERROR;
				CLANG_WARN_EMPTY_BODY = YES;
				CLANG_WARN_ENUM_CONVERSION = YES;
				CLANG_WARN_INT_CONVERSION = YES;
				CLANG_WARN_OBJC_ROOT_CLASS = YES_ERROR;
				CLANG_WARN_UNREACHABLE_CODE = YES;
				CLANG_WARN__DUPLICATE_METHOD_MATCH = YES;
				CODE_SIGN_IDENTITY = "-";
				COPY_PHASE_STRIP = YES;
				DEBUG_INFORMATION_FORMAT = "dwarf-with-dsym";
				ENABLE_NS_ASSERTIONS = NO;
				ENABLE_STRICT_OBJC_MSGSEND = YES;
				GCC_C_LANGUAGE_STANDARD = gnu99;
				GCC_WARN_64_TO_32_BIT_CONVERSION = YES;
				GCC_WARN_ABOUT_RETURN_TYPE = YES_ERROR;
				GCC_WARN_UNDECLARED_SELECTOR = YES;
				GCC_WARN_UNINITIALIZED_AUTOS = YES_AGGRESSIVE;
				GCC_WARN_UNUSED_FUNCTION = YES;
				GCC_WARN_UNUSED_VARIABLE = YES;
				MACOSX_DEPLOYMENT_TARGET = 10.10;
				MTL_ENABLE_DEBUG_INFO = NO;
				SDKROOT = macosx;
			};
			name = Release;
		};
		9ADE373E1A37A80E001E1B87 /* Debug */ = {
			isa = XCBuildConfiguration;
			buildSettings = {
				ASSETCATALOG_COMPILER_APPICON_NAME = AppIcon;
				COMBINE_HIDPI_IMAGES = YES;
				INFOPLIST_FILE = PowDiscovery/Info.plist;
				LD_RUNPATH_SEARCH_PATHS = "$(inherited) @executable_path/../Frameworks";
				PRODUCT_NAME = "$(TARGET_NAME)";
			};
			name = Debug;
		};
		9ADE373F1A37A80E001E1B87 /* Release */ = {
			isa = XCBuildConfiguration;
			buildSettings = {
				ASSETCATALOG_COMPILER_APPICON_NAME = AppIcon;
				COMBINE_HIDPI_IMAGES = YES;
				INFOPLIST_FILE = PowDiscovery/Info.plist;
				LD_RUNPATH_SEARCH_PATHS = "$(inherited) @executable_path/../Frameworks";
				PRODUCT_NAME = "$(TARGET_NAME)";
			};
			name = Release;
		};
		9ADE37411A37A80E001E1B87 /* Debug */ = {
			isa = XCBuildConfiguration;
			buildSettings = {
				BUNDLE_LOADER = "$(TEST_HOST)";
				COMBINE_HIDPI_IMAGES = YES;
				FRAMEWORK_SEARCH_PATHS = (
					"$(DEVELOPER_FRAMEWORKS_DIR)",
					"$(inherited)",
				);
				GCC_PREPROCESSOR_DEFINITIONS = (
					"DEBUG=1",
					"$(inherited)",
				);
				INFOPLIST_FILE = PowDiscoveryTests/Info.plist;
				LD_RUNPATH_SEARCH_PATHS = "$(inherited) @executable_path/../Frameworks @loader_path/../Frameworks";
				PRODUCT_NAME = "$(TARGET_NAME)";
				TEST_HOST = "$(BUILT_PRODUCTS_DIR)/PowDiscovery.app/Contents/MacOS/PowDiscovery";
			};
			name = Debug;
		};
		9ADE37421A37A80E001E1B87 /* Release */ = {
			isa = XCBuildConfiguration;
			buildSettings = {
				BUNDLE_LOADER = "$(TEST_HOST)";
				COMBINE_HIDPI_IMAGES = YES;
				FRAMEWORK_SEARCH_PATHS = (
					"$(DEVELOPER_FRAMEWORKS_DIR)",
					"$(inherited)",
				);
				INFOPLIST_FILE = PowDiscoveryTests/Info.plist;
				LD_RUNPATH_SEARCH_PATHS = "$(inherited) @executable_path/../Frameworks @loader_path/../Frameworks";
				PRODUCT_NAME = "$(TARGET_NAME)";
				TEST_HOST = "$(BUILT_PRODUCTS_DIR)/PowDiscovery.app/Contents/MacOS/PowDiscovery";
			};
			name = Release;
		};
/* End XCBuildConfiguration section */

/* Begin XCConfigurationList section */
		9ADE371E1A37A80D001E1B87 /* Build configuration list for PBXProject "PowDiscovery" */ = {
			isa = XCConfigurationList;
			buildConfigurations = (
				9ADE373B1A37A80E001E1B87 /* Debug */,
				9ADE373C1A37A80E001E1B87 /* Release */,
			);
			defaultConfigurationIsVisible = 0;
			defaultConfigurationName = Release;
		};
		9ADE373D1A37A80E001E1B87 /* Build configuration list for PBXNativeTarget "PowDiscovery" */ = {
			isa = XCConfigurationList;
			buildConfigurations = (
				9ADE373E1A37A80E001E1B87 /* Debug */,
				9ADE373F1A37A80E001E1B87 /* Release */,
			);
			defaultConfigurationIsVisible = 0;
		};
		9ADE37401A37A80E001E1B87 /* Build configuration list for PBXNativeTarget "PowDiscoveryTests" */ = {
			isa = XCConfigurationList;
			buildConfigurations = (
				9ADE37411A37A80E001E1B87 /* Debug */,
				9ADE37421A37A80E001E1B87 /* Release */,
			);
			defaultConfigurationIsVisible = 0;
		};
/* End XCConfigurationList section */
	};
	rootObject = 9ADE371B1A37A80D001E1B87 /* Project object */;
}
